
Microsoft Visual Studio Solution File, Format Version 12.00
# Visual Studio Version 16
VisualStudioVersion = 16.0.31205.134
MinimumVisualStudioVersion = 10.0.40219.1
Project("{FAE04EC0-301F-11D3-BF4B-00C04F79EFBC}") = "PluginTemplate", "PluginTemplate\PluginTemplate.csproj", "{5F8B20B0-E0E2-4832-9B0F-FA524184CCEA}"
EndProject
Project("{911E67C6-3D85-4FCE-B560-20A9C3E3FF48}") = "Betterloid", "PluginTemplate\VOCALOID5\Editor\Betterloid.exe", "{74707B87-52FE-40F1-BF85-97496D03DEF8}"
	ProjectSection(DebuggerProjectSystem) = preProject
		PortSupplier = 00000000-0000-0000-0000-000000000000
		Executable = "VOCALOID5\Editor\Betterloid.exe"
		RemoteMachine = DESKTOP-M8TKLJ2
		StartingDirectory = "VOCALOID5\Editor"
		Environment = Default
		LaunchingEngine = 00000000-0000-0000-0000-000000000000
		UseLegacyDebugEngines = No
		LaunchSQLEngine = No
		AttachLaunchAction = No
		IORedirection = Auto
	EndProjectSection
EndProject
Global
	GlobalSection(SolutionConfigurationPlatforms) = preSolution
		Debug|Any CPU = Debug|Any CPU
		Debug|x64 = Debug|x64
		Release|Any CPU = Release|Any CPU
		Release|x64 = Release|x64
	EndGlobalSection
	GlobalSection(ProjectConfigurationPlatforms) = postSolution
		{5F8B20B0-E0E2-4832-9B0F-FA524184CCEA}.Debug|Any CPU.ActiveCfg = Debug|Any CPU
		{5F8B20B0-E0E2-4832-9B0F-FA524184CCEA}.Debug|Any CPU.Build.0 = Debug|Any CPU
		{5F8B20B0-E0E2-4832-9B0F-FA524184CCEA}.Debug|x64.ActiveCfg = Debug|Any CPU
		{5F8B20B0-E0E2-4832-9B0F-FA524184CCEA}.Debug|x64.Build.0 = Debug|Any CPU
		{5F8B20B0-E0E2-4832-9B0F-FA524184CCEA}.Release|Any CPU.ActiveCfg = Release|Any CPU
		{5F8B20B0-E0E2-4832-9B0F-FA524184CCEA}.Release|Any CPU.Build.0 = Release|Any CPU
		{5F8B20B0-E0E2-4832-9B0F-FA524184CCEA}.Release|x64.ActiveCfg = Release|Any CPU
		{5F8B20B0-E0E2-4832-9B0F-FA524184CCEA}.Release|x64.Build.0 = Release|Any CPU
		{74707B87-52FE-40F1-BF85-97496D03DEF8}.Debug|Any CPU.ActiveCfg = Release|x64
		{74707B87-52FE-40F1-BF85-97496D03DEF8}.Debug|x64.ActiveCfg = Release|x64
		{74707B87-52FE-40F1-BF85-97496D03DEF8}.Release|Any CPU.ActiveCfg = Release|x64
		{74707B87-52FE-40F1-BF85-97496D03DEF8}.Release|x64.ActiveCfg = Release|x64
	EndGlobalSection
	GlobalSection(SolutionProperties) = preSolution
		HideSolutionNode = FALSE
	EndGlobalSection
	GlobalSection(ExtensibilityGlobals) = postSolution
		SolutionGuid = {BFA3BF00-B0A2-43EF-A6CB-B3E182542DC6}
	EndGlobalSection
EndGlobal
